PODS:
  - Capacitor (7.6.6):
    - CapacitorCordova
  - CapacitorApp (7.1.2):
    - Capacitor
  - CapacitorCordova (7.6.6)
  - CapacitorHaptics (7.0.4):
    - Capacitor
  - CapacitorKeyboard (7.0.5):
    - Capacitor
  - CapacitorPreferences (7.0.4):
    - Capacitor
  - CapacitorStatusBar (7.0.5):
    - Capacitor

DEPENDENCIES:
  - "Capacitor (from `../../node_modules/@capacitor/ios`)"
  - "CapacitorApp (from `../../node_modules/@capacitor/app`)"
  - "CapacitorCordova (from `../../node_modules/@capacitor/ios`)"
  - "CapacitorHaptics (from `../../node_modules/@capacitor/haptics`)"
  - "CapacitorKeyboard (from `../../node_modules/@capacitor/keyboard`)"
  - "CapacitorPreferences (from `../../node_modules/@capacitor/preferences`)"
  - "CapacitorStatusBar (from `../../node_modules/@capacitor/status-bar`)"

EXTERNAL SOURCES:
  Capacitor:
    :path: "../../node_modules/@capacitor/ios"
  CapacitorApp:
    :path: "../../node_modules/@capacitor/app"
  CapacitorCordova:
    :path: "../../node_modules/@capacitor/ios"
  CapacitorHaptics:
    :path: "../../node_modules/@capacitor/haptics"
  CapacitorKeyboard:
    :path: "../../node_modules/@capacitor/keyboard"
  CapacitorPreferences:
    :path: "../../node_modules/@capacitor/preferences"
  CapacitorStatusBar:
    :path: "../../node_modules/@capacitor/status-bar"

SPEC CHECKSUMS:
  Capacitor: 961efd309ab0e390a8081b63c561186f61a6714d
  CapacitorApp: f01a913211780e0718dae9750442c3e23f96e106
  CapacitorCordova: 3a4e0027a89a59421c918d19aee9d6ba1c7a3556
  CapacitorHaptics: bf3f58fc5dc7975a7ad5b7c725e5bb5bd435ae81
  CapacitorKeyboard: 2fa1e17aec16aef8b01adbc20e8fc295db46104d
  CapacitorPreferences: 69d9991307507aeab8ef8019c10b9babfda0e9ca
  CapacitorStatusBar: 6de542f202c0dd3f9d0a73b240d4c9d3dddc49b4

PODFILE CHECKSUM: fd1b51b8c85829855f9cfb3c4f14be7338493a96

COCOAPODS: 1.16.2
